
Microsoft Visual Studio Solution File, Format Version 12.00
# Visual Studio Version 17
VisualStudioVersion = 17.3.32929.385
MinimumVisualStudioVersion = 10.0.40219.1
Project("{9A19103F-16F7-4668-BE54-9A1E7A4F7556}") = "CurrencyConverter.API", "CurrencyConverter\CurrencyConverter.API.csproj", "{6ABA64BB-50D9-46CF-B2F6-5EF064C70FDD}"
EndProject
Project("{9A19103F-16F7-4668-BE54-9A1E7A4F7556}") = "CurrencyConverter.SharedKernel", "CurrencyConverter.SharedKernel\CurrencyConverter.SharedKernel.csproj", "{01406215-EDE1-4773-AA74-A75714B6F46D}"
EndProject
Project("{9A19103F-16F7-4668-BE54-9A1E7A4F7556}") = "CurrencyConverter.Application", "CurrencyConverter.Application\CurrencyConverter.Application.csproj", "{0EFC0DDA-26F7-45FE-A40A-2D07CDB00558}"
EndProject
Project("{9A19103F-16F7-4668-BE54-9A1E7A4F7556}") = "CurrencyConverter.Domain", "CurrencyConverter.Domain\CurrencyConverter.Domain.csproj", "{E80D1D0D-4701-4BC6-BAD4-EB7ECBE4F3FD}"
EndProject
Project("{9A19103F-16F7-4668-BE54-9A1E7A4F7556}") = "CurrencyConverter.Infrastructure", "CurrencyConverter.Infrastructure\CurrencyConverter.Infrastructure.csproj", "{3A69FCD5-8C9D-41FB-9A68-7A2EE54AE818}"
EndProject
Global
	GlobalSection(SolutionConfigurationPlatforms) = preSolution
		Debug|Any CPU = Debug|Any CPU
		Release|Any CPU = Release|Any CPU
	EndGlobalSection
	GlobalSection(ProjectConfigurationPlatforms) = postSolution
		{6ABA64BB-50D9-46CF-B2F6-5EF064C70FDD}.Debug|Any CPU.ActiveCfg = Debug|Any CPU
		{6ABA64BB-50D9-46CF-B2F6-5EF064C70FDD}.Debug|Any CPU.Build.0 = Debug|Any CPU
		{6ABA64BB-50D9-46CF-B2F6-5EF064C70FDD}.Release|Any CPU.ActiveCfg = Release|Any CPU
		{6ABA64BB-50D9-46CF-B2F6-5EF064C70FDD}.Release|Any CPU.Build.0 = Release|Any CPU
		{01406215-EDE1-4773-AA74-A75714B6F46D}.Debug|Any CPU.ActiveCfg = Debug|Any CPU
		{01406215-EDE1-4773-AA74-A75714B6F46D}.Debug|Any CPU.Build.0 = Debug|Any CPU
		{01406215-EDE1-4773-AA74-A75714B6F46D}.Release|Any CPU.ActiveCfg = Release|Any CPU
		{01406215-EDE1-4773-AA74-A75714B6F46D}.Release|Any CPU.Build.0 = Release|Any CPU
		{0EFC0DDA-26F7-45FE-A40A-2D07CDB00558}.Debug|Any CPU.ActiveCfg = Debug|Any CPU
		{0EFC0DDA-26F7-45FE-A40A-2D07CDB00558}.Debug|Any CPU.Build.0 = Debug|Any CPU
		{0EFC0DDA-26F7-45FE-A40A-2D07CDB00558}.Release|Any CPU.ActiveCfg = Release|Any CPU
		{0EFC0DDA-26F7-45FE-A40A-2D07CDB00558}.Release|Any CPU.Build.0 = Release|Any CPU
		{E80D1D0D-4701-4BC6-BAD4-EB7ECBE4F3FD}.Debug|Any CPU.ActiveCfg = Debug|Any CPU
		{E80D1D0D-4701-4BC6-BAD4-EB7ECBE4F3FD}.Debug|Any CPU.Build.0 = Debug|Any CPU
		{E80D1D0D-4701-4BC6-BAD4-EB7ECBE4F3FD}.Release|Any CPU.ActiveCfg = Release|Any CPU
		{E80D1D0D-4701-4BC6-BAD4-EB7ECBE4F3FD}.Release|Any CPU.Build.0 = Release|Any CPU
		{3A69FCD5-8C9D-41FB-9A68-7A2EE54AE818}.Debug|Any CPU.ActiveCfg = Debug|Any CPU
		{3A69FCD5-8C9D-41FB-9A68-7A2EE54AE818}.Debug|Any CPU.Build.0 = Debug|Any CPU
		{3A69FCD5-8C9D-41FB-9A68-7A2EE54AE818}.Release|Any CPU.ActiveCfg = Release|Any CPU
		{3A69FCD5-8C9D-41FB-9A68-7A2EE54AE818}.Release|Any CPU.Build.0 = Release|Any CPU
	EndGlobalSection
	GlobalSection(SolutionProperties) = preSolution
		HideSolutionNode = FALSE
	EndGlobalSection
	GlobalSection(ExtensibilityGlobals) = postSolution
		SolutionGuid = {0E272091-5F84-4444-81BC-30C4AB5037C1}
	EndGlobalSection
EndGlobal
